{
  "name": "@ales-/shai-hulud-testjson",
  "version": "1.0.0",
  "lockfileVersion": 3,
  "requires": true,
  "packages": {
    "": {
      "name": "@ales-/shai-hulud-testjson",
      "version": "1.0.0",
      "license": "ISC",
      "dependencies": {
        "@ales-/shai-hulud-testjson": "^1.0.0"
      }
    },
    "node_modules/@ales-/shai-hulud-testjson": {
      "version": "1.0.0",
      "resolved": "https://registry.npmjs.org/@ales-/shai-hulud-testjson/-/shai-hulud-testjson-1.0.0.tgz",
      "integrity": "sha512-dOs7uOHcugu3M/m3/xK9XxnW7Akp7ya2zxQQBp8GLt3vbOjadeYRv7o+tf57hhp+YyOdkA60kKQqC8spjDM5NQ==",
      "license": "ISC"
    }
  }
}
